# Generated by buf. DO NOT EDIT.
version: v1
deps:
  - remote: buf.build
    owner: googleapis
    repository: googleapis
    commit: 72c8614f3bd0466ea67931ef2c43d608
    digest: shake256:b3ac4d383db09f92ab0ca85d12bff8c49eddf7031bd3a854c260b6ac4ed6a2bb85b52b3393c316d28f8038bf3b8e70cb3d16470e8cc4423007678fb6d89d36d4
